
Microsoft Visual Studio Solution File, Format Version 12.00
# Visual Studio 15
VisualStudioVersion = 15.0.28010.2046
MinimumVisualStudioVersion = 10.0.40219.1
Project("{FAE04EC0-301F-11D3-BF4B-00C04F79EFBC}") = "Operacje_na_plikach", "Operacje_na_plikach\Operacje_na_plikach.csproj", "{5BE5F157-982A-4B4D-9F1B-79CFF9051D39}"
EndProject
Global
	GlobalSection(SolutionConfigurationPlatforms) = preSolution
		Debug|Any CPU = Debug|Any CPU
		Release|Any CPU = Release|Any CPU
	EndGlobalSection
	GlobalSection(ProjectConfigurationPlatforms) = postSolution
		{5BE5F157-982A-4B4D-9F1B-79CFF9051D39}.Debug|Any CPU.ActiveCfg = Debug|Any CPU
		{5BE5F157-982A-4B4D-9F1B-79CFF9051D39}.Debug|Any CPU.Build.0 = Debug|Any CPU
		{5BE5F157-982A-4B4D-9F1B-79CFF9051D39}.Release|Any CPU.ActiveCfg = Release|Any CPU
		{5BE5F157-982A-4B4D-9F1B-79CFF9051D39}.Release|Any CPU.Build.0 = Release|Any CPU
	EndGlobalSection
	GlobalSection(SolutionProperties) = preSolution
		HideSolutionNode = FALSE
	EndGlobalSection
	GlobalSection(ExtensibilityGlobals) = postSolution
		SolutionGuid = {19069A72-A861-41EB-85B9-C36970AB2BAC}
	EndGlobalSection
EndGlobal
