
Microsoft Visual Studio Solution File, Format Version 12.00
# Visual Studio 15
VisualStudioVersion = 15.0.28010.2046
MinimumVisualStudioVersion = 10.0.40219.1
Project("{FAE04EC0-301F-11D3-BF4B-00C04F79EFBC}") = "KonwerterBase64", "KonwerterBASE64\KonwerterBase64.csproj", "{6A982F6C-0463-49C0-B829-E075549234B6}"
EndProject
Global
	GlobalSection(SolutionConfigurationPlatforms) = preSolution
		Debug|Any CPU = Debug|Any CPU
		Release|Any CPU = Release|Any CPU
	EndGlobalSection
	GlobalSection(ProjectConfigurationPlatforms) = postSolution
		{6A982F6C-0463-49C0-B829-E075549234B6}.Debug|Any CPU.ActiveCfg = Debug|Any CPU
		{6A982F6C-0463-49C0-B829-E075549234B6}.Debug|Any CPU.Build.0 = Debug|Any CPU
		{6A982F6C-0463-49C0-B829-E075549234B6}.Release|Any CPU.ActiveCfg = Release|Any CPU
		{6A982F6C-0463-49C0-B829-E075549234B6}.Release|Any CPU.Build.0 = Release|Any CPU
	EndGlobalSection
	GlobalSection(SolutionProperties) = preSolution
		HideSolutionNode = FALSE
	EndGlobalSection
	GlobalSection(ExtensibilityGlobals) = postSolution
		SolutionGuid = {88A7E6C7-7781-4E5B-807C-328E49696E1D}
	EndGlobalSection
EndGlobal
